
Microsoft Visual Studio Solution File, Format Version 12.00
# Visual Studio Version 16
VisualStudioVersion = 16.0.30517.126
MinimumVisualStudioVersion = 10.0.40219.1
Project("{FAE04EC0-301F-11D3-BF4B-00C04F79EFBC}") = "SQLiteCountries", "SQLiteCountries\SQLiteCountries.csproj", "{99E67A53-C403-439B-B705-D9977436A0D2}"
EndProject
Global
	GlobalSection(SolutionConfigurationPlatforms) = preSolution
		Debug|Any CPU = Debug|Any CPU
		Release|Any CPU = Release|Any CPU
	EndGlobalSection
	GlobalSection(ProjectConfigurationPlatforms) = postSolution
		{99E67A53-C403-439B-B705-D9977436A0D2}.Debug|Any CPU.ActiveCfg = Debug|Any CPU
		{99E67A53-C403-439B-B705-D9977436A0D2}.Debug|Any CPU.Build.0 = Debug|Any CPU
		{99E67A53-C403-439B-B705-D9977436A0D2}.Release|Any CPU.ActiveCfg = Release|Any CPU
		{99E67A53-C403-439B-B705-D9977436A0D2}.Release|Any CPU.Build.0 = Release|Any CPU
	EndGlobalSection
	GlobalSection(SolutionProperties) = preSolution
		HideSolutionNode = FALSE
	EndGlobalSection
	GlobalSection(ExtensibilityGlobals) = postSolution
		SolutionGuid = {727CD163-1F82-496B-92B2-0151CF5F04A3}
	EndGlobalSection
EndGlobal
